
Microsoft Visual Studio Solution File, Format Version 12.00
# Visual Studio Version 17
VisualStudioVersion = 17.5.33516.290
MinimumVisualStudioVersion = 10.0.40219.1
Project("{FAE04EC0-301F-11D3-BF4B-00C04F79EFBC}") = "constructor1", "constructor1\constructor1.csproj", "{5739BE34-9314-498A-A36A-039D9A3C302F}"
EndProject
Project("{2150E333-8FDC-42A3-9474-1A3956D46DE8}") = "Solution Items", "Solution Items", "{76093483-A054-4095-999A-8B30D48A8D79}"
EndProject
Global
	GlobalSection(SolutionConfigurationPlatforms) = preSolution
		Debug|Any CPU = Debug|Any CPU
		Release|Any CPU = Release|Any CPU
	EndGlobalSection
	GlobalSection(ProjectConfigurationPlatforms) = postSolution
		{5739BE34-9314-498A-A36A-039D9A3C302F}.Debug|Any CPU.ActiveCfg = Debug|Any CPU
		{5739BE34-9314-498A-A36A-039D9A3C302F}.Debug|Any CPU.Build.0 = Debug|Any CPU
		{5739BE34-9314-498A-A36A-039D9A3C302F}.Release|Any CPU.ActiveCfg = Release|Any CPU
		{5739BE34-9314-498A-A36A-039D9A3C302F}.Release|Any CPU.Build.0 = Release|Any CPU
	EndGlobalSection
	GlobalSection(SolutionProperties) = preSolution
		HideSolutionNode = FALSE
	EndGlobalSection
	GlobalSection(ExtensibilityGlobals) = postSolution
		SolutionGuid = {268FC13C-3476-42E0-91D0-FE4A265F8A5C}
	EndGlobalSection
EndGlobal
