
Microsoft Visual Studio Solution File, Format Version 12.00
# Visual Studio Version 17
VisualStudioVersion = 17.5.33516.290
MinimumVisualStudioVersion = 10.0.40219.1
Project("{FAE04EC0-301F-11D3-BF4B-00C04F79EFBC}") = "producerandconsumer", "producerandconsumer\producerandconsumer.csproj", "{CF0A8FC8-39D5-4977-97BA-45CECA06077B}"
EndProject
Global
	GlobalSection(SolutionConfigurationPlatforms) = preSolution
		Debug|Any CPU = Debug|Any CPU
		Release|Any CPU = Release|Any CPU
	EndGlobalSection
	GlobalSection(ProjectConfigurationPlatforms) = postSolution
		{CF0A8FC8-39D5-4977-97BA-45CECA06077B}.Debug|Any CPU.ActiveCfg = Debug|Any CPU
		{CF0A8FC8-39D5-4977-97BA-45CECA06077B}.Debug|Any CPU.Build.0 = Debug|Any CPU
		{CF0A8FC8-39D5-4977-97BA-45CECA06077B}.Release|Any CPU.ActiveCfg = Release|Any CPU
		{CF0A8FC8-39D5-4977-97BA-45CECA06077B}.Release|Any CPU.Build.0 = Release|Any CPU
	EndGlobalSection
	GlobalSection(SolutionProperties) = preSolution
		HideSolutionNode = FALSE
	EndGlobalSection
	GlobalSection(ExtensibilityGlobals) = postSolution
		SolutionGuid = {6FEDABE0-B0B9-497A-8BCA-47E6D8B62C41}
	EndGlobalSection
EndGlobal
