
Microsoft Visual Studio Solution File, Format Version 12.00
# Visual Studio Version 17
VisualStudioVersion = 17.5.33516.290
MinimumVisualStudioVersion = 10.0.40219.1
Project("{FAE04EC0-301F-11D3-BF4B-00C04F79EFBC}") = "DemoProject", "DemoProject\DemoProject.csproj", "{FD84709A-FD06-42BE-AB81-5FC45F6153D4}"
EndProject
Project("{FAE04EC0-301F-11D3-BF4B-00C04F79EFBC}") = "DemoProjectTest", "DemoProjectTest\DemoProjectTest.csproj", "{597B7CDB-6D49-4559-B966-458CF2E237BE}"
EndProject
Global
	GlobalSection(SolutionConfigurationPlatforms) = preSolution
		Debug|Any CPU = Debug|Any CPU
		Release|Any CPU = Release|Any CPU
	EndGlobalSection
	GlobalSection(ProjectConfigurationPlatforms) = postSolution
		{FD84709A-FD06-42BE-AB81-5FC45F6153D4}.Debug|Any CPU.ActiveCfg = Debug|Any CPU
		{FD84709A-FD06-42BE-AB81-5FC45F6153D4}.Debug|Any CPU.Build.0 = Debug|Any CPU
		{FD84709A-FD06-42BE-AB81-5FC45F6153D4}.Release|Any CPU.ActiveCfg = Release|Any CPU
		{FD84709A-FD06-42BE-AB81-5FC45F6153D4}.Release|Any CPU.Build.0 = Release|Any CPU
		{597B7CDB-6D49-4559-B966-458CF2E237BE}.Debug|Any CPU.ActiveCfg = Debug|Any CPU
		{597B7CDB-6D49-4559-B966-458CF2E237BE}.Debug|Any CPU.Build.0 = Debug|Any CPU
		{597B7CDB-6D49-4559-B966-458CF2E237BE}.Release|Any CPU.ActiveCfg = Release|Any CPU
		{597B7CDB-6D49-4559-B966-458CF2E237BE}.Release|Any CPU.Build.0 = Release|Any CPU
	EndGlobalSection
	GlobalSection(SolutionProperties) = preSolution
		HideSolutionNode = FALSE
	EndGlobalSection
	GlobalSection(ExtensibilityGlobals) = postSolution
		SolutionGuid = {54260373-02DE-465D-BA95-47BE4C096799}
	EndGlobalSection
EndGlobal
