
Microsoft Visual Studio Solution File, Format Version 12.00
# Visual Studio Version 17
VisualStudioVersion = 17.5.33516.290
MinimumVisualStudioVersion = 10.0.40219.1
Project("{FAE04EC0-301F-11D3-BF4B-00C04F79EFBC}") = "electronicphone", "electronicphone\electronicphone.csproj", "{9A962371-76C7-4B35-B720-F829D8A07694}"
EndProject
Global
	GlobalSection(SolutionConfigurationPlatforms) = preSolution
		Debug|Any CPU = Debug|Any CPU
		Release|Any CPU = Release|Any CPU
	EndGlobalSection
	GlobalSection(ProjectConfigurationPlatforms) = postSolution
		{9A962371-76C7-4B35-B720-F829D8A07694}.Debug|Any CPU.ActiveCfg = Debug|Any CPU
		{9A962371-76C7-4B35-B720-F829D8A07694}.Debug|Any CPU.Build.0 = Debug|Any CPU
		{9A962371-76C7-4B35-B720-F829D8A07694}.Release|Any CPU.ActiveCfg = Release|Any CPU
		{9A962371-76C7-4B35-B720-F829D8A07694}.Release|Any CPU.Build.0 = Release|Any CPU
	EndGlobalSection
	GlobalSection(SolutionProperties) = preSolution
		HideSolutionNode = FALSE
	EndGlobalSection
	GlobalSection(ExtensibilityGlobals) = postSolution
		SolutionGuid = {1FC95A01-B72E-439E-A2F9-811FB125FC00}
	EndGlobalSection
EndGlobal
