
Microsoft Visual Studio Solution File, Format Version 12.00
# Visual Studio Version 17
VisualStudioVersion = 17.5.33516.290
MinimumVisualStudioVersion = 10.0.40219.1
Project("{FAE04EC0-301F-11D3-BF4B-00C04F79EFBC}") = "Polymorphism", "Polymorphism\Polymorphism.csproj", "{F58A78EB-33F5-4634-857F-9FEEE41C0DCD}"
EndProject
Global
	GlobalSection(SolutionConfigurationPlatforms) = preSolution
		Debug|Any CPU = Debug|Any CPU
		Release|Any CPU = Release|Any CPU
	EndGlobalSection
	GlobalSection(ProjectConfigurationPlatforms) = postSolution
		{F58A78EB-33F5-4634-857F-9FEEE41C0DCD}.Debug|Any CPU.ActiveCfg = Debug|Any CPU
		{F58A78EB-33F5-4634-857F-9FEEE41C0DCD}.Debug|Any CPU.Build.0 = Debug|Any CPU
		{F58A78EB-33F5-4634-857F-9FEEE41C0DCD}.Release|Any CPU.ActiveCfg = Release|Any CPU
		{F58A78EB-33F5-4634-857F-9FEEE41C0DCD}.Release|Any CPU.Build.0 = Release|Any CPU
	EndGlobalSection
	GlobalSection(SolutionProperties) = preSolution
		HideSolutionNode = FALSE
	EndGlobalSection
	GlobalSection(ExtensibilityGlobals) = postSolution
		SolutionGuid = {B99B5017-DE40-4301-B57C-84E5A4BE0441}
	EndGlobalSection
EndGlobal
