
Microsoft Visual Studio Solution File, Format Version 12.00
# Visual Studio Version 17
VisualStudioVersion = 17.5.33516.290
MinimumVisualStudioVersion = 10.0.40219.1
Project("{FAE04EC0-301F-11D3-BF4B-00C04F79EFBC}") = "voting", "voting\voting.csproj", "{9CB009C8-FDDB-42E5-8449-71F2B0608690}"
EndProject
Global
	GlobalSection(SolutionConfigurationPlatforms) = preSolution
		Debug|Any CPU = Debug|Any CPU
		Release|Any CPU = Release|Any CPU
	EndGlobalSection
	GlobalSection(ProjectConfigurationPlatforms) = postSolution
		{9CB009C8-FDDB-42E5-8449-71F2B0608690}.Debug|Any CPU.ActiveCfg = Debug|Any CPU
		{9CB009C8-FDDB-42E5-8449-71F2B0608690}.Debug|Any CPU.Build.0 = Debug|Any CPU
		{9CB009C8-FDDB-42E5-8449-71F2B0608690}.Release|Any CPU.ActiveCfg = Release|Any CPU
		{9CB009C8-FDDB-42E5-8449-71F2B0608690}.Release|Any CPU.Build.0 = Release|Any CPU
	EndGlobalSection
	GlobalSection(SolutionProperties) = preSolution
		HideSolutionNode = FALSE
	EndGlobalSection
	GlobalSection(ExtensibilityGlobals) = postSolution
		SolutionGuid = {1C4AB2BD-5019-472E-9B8D-D60DD4E11FBA}
	EndGlobalSection
EndGlobal
