
Microsoft Visual Studio Solution File, Format Version 12.00
# Visual Studio Version 17
VisualStudioVersion = 17.5.33516.290
MinimumVisualStudioVersion = 10.0.40219.1
Project("{FAE04EC0-301F-11D3-BF4B-00C04F79EFBC}") = "MovieDemoApp", "MovieDemoApp\MovieDemoApp.csproj", "{ABA75F05-EEA7-4ADD-A8F5-57D41B9F0D7F}"
EndProject
Global
	GlobalSection(SolutionConfigurationPlatforms) = preSolution
		Debug|Any CPU = Debug|Any CPU
		Release|Any CPU = Release|Any CPU
	EndGlobalSection
	GlobalSection(ProjectConfigurationPlatforms) = postSolution
		{ABA75F05-EEA7-4ADD-A8F5-57D41B9F0D7F}.Debug|Any CPU.ActiveCfg = Debug|Any CPU
		{ABA75F05-EEA7-4ADD-A8F5-57D41B9F0D7F}.Debug|Any CPU.Build.0 = Debug|Any CPU
		{ABA75F05-EEA7-4ADD-A8F5-57D41B9F0D7F}.Release|Any CPU.ActiveCfg = Release|Any CPU
		{ABA75F05-EEA7-4ADD-A8F5-57D41B9F0D7F}.Release|Any CPU.Build.0 = Release|Any CPU
	EndGlobalSection
	GlobalSection(SolutionProperties) = preSolution
		HideSolutionNode = FALSE
	EndGlobalSection
	GlobalSection(ExtensibilityGlobals) = postSolution
		SolutionGuid = {5A209D7A-CE0A-4FD9-892C-E2CBC616E308}
	EndGlobalSection
EndGlobal
