
Microsoft Visual Studio Solution File, Format Version 12.00
# Visual Studio Version 17
VisualStudioVersion = 17.5.33516.290
MinimumVisualStudioVersion = 10.0.40219.1
Project("{FAE04EC0-301F-11D3-BF4B-00C04F79EFBC}") = "Anonmeth", "Anonmeth\Anonmeth.csproj", "{453476EF-A5B5-49AA-BB2F-C9B3CE2CC78D}"
EndProject
Global
	GlobalSection(SolutionConfigurationPlatforms) = preSolution
		Debug|Any CPU = Debug|Any CPU
		Release|Any CPU = Release|Any CPU
	EndGlobalSection
	GlobalSection(ProjectConfigurationPlatforms) = postSolution
		{453476EF-A5B5-49AA-BB2F-C9B3CE2CC78D}.Debug|Any CPU.ActiveCfg = Debug|Any CPU
		{453476EF-A5B5-49AA-BB2F-C9B3CE2CC78D}.Debug|Any CPU.Build.0 = Debug|Any CPU
		{453476EF-A5B5-49AA-BB2F-C9B3CE2CC78D}.Release|Any CPU.ActiveCfg = Release|Any CPU
		{453476EF-A5B5-49AA-BB2F-C9B3CE2CC78D}.Release|Any CPU.Build.0 = Release|Any CPU
	EndGlobalSection
	GlobalSection(SolutionProperties) = preSolution
		HideSolutionNode = FALSE
	EndGlobalSection
	GlobalSection(ExtensibilityGlobals) = postSolution
		SolutionGuid = {B9F0CE85-2569-4767-AAB9-9BC6539D3D00}
	EndGlobalSection
EndGlobal
