
Microsoft Visual Studio Solution File, Format Version 12.00
# Visual Studio Version 17
VisualStudioVersion = 17.5.33516.290
MinimumVisualStudioVersion = 10.0.40219.1
Project("{FAE04EC0-301F-11D3-BF4B-00C04F79EFBC}") = "singletondemo", "singletondemo\singletondemo.csproj", "{B2E35495-4664-420C-BC66-0702BBD9017B}"
EndProject
Global
	GlobalSection(SolutionConfigurationPlatforms) = preSolution
		Debug|Any CPU = Debug|Any CPU
		Release|Any CPU = Release|Any CPU
	EndGlobalSection
	GlobalSection(ProjectConfigurationPlatforms) = postSolution
		{B2E35495-4664-420C-BC66-0702BBD9017B}.Debug|Any CPU.ActiveCfg = Debug|Any CPU
		{B2E35495-4664-420C-BC66-0702BBD9017B}.Debug|Any CPU.Build.0 = Debug|Any CPU
		{B2E35495-4664-420C-BC66-0702BBD9017B}.Release|Any CPU.ActiveCfg = Release|Any CPU
		{B2E35495-4664-420C-BC66-0702BBD9017B}.Release|Any CPU.Build.0 = Release|Any CPU
	EndGlobalSection
	GlobalSection(SolutionProperties) = preSolution
		HideSolutionNode = FALSE
	EndGlobalSection
	GlobalSection(ExtensibilityGlobals) = postSolution
		SolutionGuid = {CD6479D7-27F6-41A5-BE71-D5CE5ACFCC52}
	EndGlobalSection
EndGlobal
